// !$*UTF8*$!
{
	archiveVersion = 1;
	classes = {
	};
	objectVersion = 50;
	objects = {

/* Begin PBXBuildFile section */
		21E158BAC472599B8A37454B /* Pods_kashika.framework in Frameworks */ = {isa = PBXBuildFile; fileRef = 71F4A6EC9C97C711A53C1829 /* Pods_kashika.framework */; };
		22941155C31FB8734CB41B41 /* Pods_kashikaUITests.framework in Frameworks */ = {isa = PBXBuildFile; fileRef = CC22A0DA75881E42271F5892 /* Pods_kashikaUITests.framework */; };
		587012692249F819003888E8 /* RxCocoa.framework in Frameworks */ = {isa = PBXBuildFile; fileRef = 587012672249F819003888E8 /* RxCocoa.framework */; };
		5870126A2249F819003888E8 /* RxSwift.framework in Frameworks */ = {isa = PBXBuildFile; fileRef = 587012682249F819003888E8 /* RxSwift.framework */; };
		58701271224C5A61003888E8 /* GoogleService-Info.plist in Resources */ = {isa = PBXBuildFile; fileRef = 58701270224C5A61003888E8 /* GoogleService-Info.plist */; };
		905E4877224B940300BDC321 /* AppRouter.swift in Sources */ = {isa = PBXBuildFile; fileRef = 905E4876224B940300BDC321 /* AppRouter.swift */; };
		905E4881224C403D00BDC321 /* UIViewController+extension.swift in Sources */ = {isa = PBXBuildFile; fileRef = 905E4880224C403D00BDC321 /* UIViewController+extension.swift */; };
		905E4882224C403D00BDC321 /* UIViewController+extension.swift in Sources */ = {isa = PBXBuildFile; fileRef = 905E4880224C403D00BDC321 /* UIViewController+extension.swift */; };
		909600562249B295002F1DE6 /* AppDelegate.swift in Sources */ = {isa = PBXBuildFile; fileRef = 909600552249B295002F1DE6 /* AppDelegate.swift */; };
		909600582249B295002F1DE6 /* ViewController.swift in Sources */ = {isa = PBXBuildFile; fileRef = 909600572249B295002F1DE6 /* ViewController.swift */; };
		9096005D2249B295002F1DE6 /* Assets.xcassets in Resources */ = {isa = PBXBuildFile; fileRef = 9096005C2249B295002F1DE6 /* Assets.xcassets */; };
		909600602249B295002F1DE6 /* LaunchScreen.storyboard in Resources */ = {isa = PBXBuildFile; fileRef = 9096005E2249B295002F1DE6 /* LaunchScreen.storyboard */; };
		9096006B2249B295002F1DE6 /* KashikaTests.swift in Sources */ = {isa = PBXBuildFile; fileRef = 9096006A2249B295002F1DE6 /* KashikaTests.swift */; };
		909600762249B295002F1DE6 /* KashikaUITests.swift in Sources */ = {isa = PBXBuildFile; fileRef = 909600752249B295002F1DE6 /* KashikaUITests.swift */; };
		9BB2A0F29D0A5C6598982224 /* Pods_kashikaTests.framework in Frameworks */ = {isa = PBXBuildFile; fileRef = FDEA8C9DE1D2D3246245F5A9 /* Pods_kashikaTests.framework */; };
/* End PBXBuildFile section */

/* Begin PBXContainerItemProxy section */
		909600672249B295002F1DE6 /* PBXContainerItemProxy */ = {
			isa = PBXContainerItemProxy;
			containerPortal = 9096004A2249B295002F1DE6 /* Project object */;
			proxyType = 1;
			remoteGlobalIDString = 909600512249B295002F1DE6;
			remoteInfo = kashika;
		};
		909600722249B295002F1DE6 /* PBXContainerItemProxy */ = {
			isa = PBXContainerItemProxy;
			containerPortal = 9096004A2249B295002F1DE6 /* Project object */;
			proxyType = 1;
			remoteGlobalIDString = 909600512249B295002F1DE6;
			remoteInfo = kashika;
		};
/* End PBXContainerItemProxy section */

/* Begin PBXFileReference section */
		02E44F4CAA7F1C4E43FA5AE9 /* Pods-kashikaTests.debug.xcconfig */ = {isa = PBXFileReference; includeInIndex = 1; lastKnownFileType = text.xcconfig; name = "Pods-kashikaTests.debug.xcconfig"; path = "Pods/Target Support Files/Pods-kashikaTests/Pods-kashikaTests.debug.xcconfig"; sourceTree = "<group>"; };
		1E3A7394E9A11BA6B520A967 /* Pods-kashika.release.xcconfig */ = {isa = PBXFileReference; includeInIndex = 1; lastKnownFileType = text.xcconfig; name = "Pods-kashika.release.xcconfig"; path = "Pods/Target Support Files/Pods-kashika/Pods-kashika.release.xcconfig"; sourceTree = "<group>"; };
		37E761663240D9C06C1A0D97 /* Pods-kashikaUITests.release.xcconfig */ = {isa = PBXFileReference; includeInIndex = 1; lastKnownFileType = text.xcconfig; name = "Pods-kashikaUITests.release.xcconfig"; path = "Pods/Target Support Files/Pods-kashikaUITests/Pods-kashikaUITests.release.xcconfig"; sourceTree = "<group>"; };
		3BE67E3740BE4FF3839F1C99 /* Pods-kashikaTests.release.xcconfig */ = {isa = PBXFileReference; includeInIndex = 1; lastKnownFileType = text.xcconfig; name = "Pods-kashikaTests.release.xcconfig"; path = "Pods/Target Support Files/Pods-kashikaTests/Pods-kashikaTests.release.xcconfig"; sourceTree = "<group>"; };
		587012672249F819003888E8 /* RxCocoa.framework */ = {isa = PBXFileReference; lastKnownFileType = wrapper.framework; name = RxCocoa.framework; path = Carthage/Build/iOS/RxCocoa.framework; sourceTree = "<group>"; };
		587012682249F819003888E8 /* RxSwift.framework */ = {isa = PBXFileReference; lastKnownFileType = wrapper.framework; name = RxSwift.framework; path = Carthage/Build/iOS/RxSwift.framework; sourceTree = "<group>"; };
		58701270224C5A61003888E8 /* GoogleService-Info.plist */ = {isa = PBXFileReference; fileEncoding = 4; lastKnownFileType = text.plist.xml; path = "GoogleService-Info.plist"; sourceTree = "<group>"; };
		620489F9EAFC497EB3AA4602 /* Pods-kashika.debug.xcconfig */ = {isa = PBXFileReference; includeInIndex = 1; lastKnownFileType = text.xcconfig; name = "Pods-kashika.debug.xcconfig"; path = "Pods/Target Support Files/Pods-kashika/Pods-kashika.debug.xcconfig"; sourceTree = "<group>"; };
		71F4A6EC9C97C711A53C1829 /* Pods_kashika.framework */ = {isa = PBXFileReference; explicitFileType = wrapper.framework; includeInIndex = 0; path = Pods_kashika.framework; sourceTree = BUILT_PRODUCTS_DIR; };
		905E4876224B940300BDC321 /* AppRouter.swift */ = {isa = PBXFileReference; lastKnownFileType = sourcecode.swift; path = AppRouter.swift; sourceTree = "<group>"; };
		905E4880224C403D00BDC321 /* UIViewController+extension.swift */ = {isa = PBXFileReference; lastKnownFileType = sourcecode.swift; path = "UIViewController+extension.swift"; sourceTree = "<group>"; };
		909600522249B295002F1DE6 /* kashika.app */ = {isa = PBXFileReference; explicitFileType = wrapper.application; includeInIndex = 0; path = kashika.app; sourceTree = BUILT_PRODUCTS_DIR; };
		909600552249B295002F1DE6 /* AppDelegate.swift */ = {isa = PBXFileReference; lastKnownFileType = sourcecode.swift; path = AppDelegate.swift; sourceTree = "<group>"; };
		909600572249B295002F1DE6 /* ViewController.swift */ = {isa = PBXFileReference; lastKnownFileType = sourcecode.swift; path = ViewController.swift; sourceTree = "<group>"; };
		9096005C2249B295002F1DE6 /* Assets.xcassets */ = {isa = PBXFileReference; lastKnownFileType = folder.assetcatalog; path = Assets.xcassets; sourceTree = "<group>"; };
		9096005F2249B295002F1DE6 /* Base */ = {isa = PBXFileReference; lastKnownFileType = file.storyboard; name = Base; path = Base.lproj/LaunchScreen.storyboard; sourceTree = "<group>"; };
		909600612249B295002F1DE6 /* Info.plist */ = {isa = PBXFileReference; lastKnownFileType = text.plist.xml; path = Info.plist; sourceTree = "<group>"; };
		909600662249B295002F1DE6 /* kashikaTests.xctest */ = {isa = PBXFileReference; explicitFileType = wrapper.cfbundle; includeInIndex = 0; path = kashikaTests.xctest; sourceTree = BUILT_PRODUCTS_DIR; };
		9096006A2249B295002F1DE6 /* KashikaTests.swift */ = {isa = PBXFileReference; lastKnownFileType = sourcecode.swift; path = KashikaTests.swift; sourceTree = "<group>"; };
		9096006C2249B295002F1DE6 /* Info.plist */ = {isa = PBXFileReference; lastKnownFileType = text.plist.xml; path = Info.plist; sourceTree = "<group>"; };
		909600712249B295002F1DE6 /* kashikaUITests.xctest */ = {isa = PBXFileReference; explicitFileType = wrapper.cfbundle; includeInIndex = 0; path = kashikaUITests.xctest; sourceTree = BUILT_PRODUCTS_DIR; };
		909600752249B295002F1DE6 /* KashikaUITests.swift */ = {isa = PBXFileReference; lastKnownFileType = sourcecode.swift; path = KashikaUITests.swift; sourceTree = "<group>"; };
		909600772249B295002F1DE6 /* Info.plist */ = {isa = PBXFileReference; lastKnownFileType = text.plist.xml; path = Info.plist; sourceTree = "<group>"; };
		CC22A0DA75881E42271F5892 /* Pods_kashikaUITests.framework */ = {isa = PBXFileReference; explicitFileType = wrapper.framework; includeInIndex = 0; path = Pods_kashikaUITests.framework; sourceTree = BUILT_PRODUCTS_DIR; };
		D9ACB78D06B2E025BA02A9E7 /* Pods-kashikaUITests.debug.xcconfig */ = {isa = PBXFileReference; includeInIndex = 1; lastKnownFileType = text.xcconfig; name = "Pods-kashikaUITests.debug.xcconfig"; path = "Pods/Target Support Files/Pods-kashikaUITests/Pods-kashikaUITests.debug.xcconfig"; sourceTree = "<group>"; };
		FDEA8C9DE1D2D3246245F5A9 /* Pods_kashikaTests.framework */ = {isa = PBXFileReference; explicitFileType = wrapper.framework; includeInIndex = 0; path = Pods_kashikaTests.framework; sourceTree = BUILT_PRODUCTS_DIR; };
/* End PBXFileReference section */

/* Begin PBXFrameworksBuildPhase section */
		9096004F2249B295002F1DE6 /* Frameworks */ = {
			isa = PBXFrameworksBuildPhase;
			buildActionMask = 2147483647;
			files = (
				587012692249F819003888E8 /* RxCocoa.framework in Frameworks */,
				5870126A2249F819003888E8 /* RxSwift.framework in Frameworks */,
				21E158BAC472599B8A37454B /* Pods_kashika.framework in Frameworks */,
			);
			runOnlyForDeploymentPostprocessing = 0;
		};
		909600632249B295002F1DE6 /* Frameworks */ = {
			isa = PBXFrameworksBuildPhase;
			buildActionMask = 2147483647;
			files = (
				9BB2A0F29D0A5C6598982224 /* Pods_kashikaTests.framework in Frameworks */,
			);
			runOnlyForDeploymentPostprocessing = 0;
		};
		9096006E2249B295002F1DE6 /* Frameworks */ = {
			isa = PBXFrameworksBuildPhase;
			buildActionMask = 2147483647;
			files = (
				22941155C31FB8734CB41B41 /* Pods_kashikaUITests.framework in Frameworks */,
			);
			runOnlyForDeploymentPostprocessing = 0;
		};
/* End PBXFrameworksBuildPhase section */

/* Begin PBXGroup section */
		587012662249F818003888E8 /* Frameworks */ = {
			isa = PBXGroup;
			children = (
				587012672249F819003888E8 /* RxCocoa.framework */,
				587012682249F819003888E8 /* RxSwift.framework */,
				71F4A6EC9C97C711A53C1829 /* Pods_kashika.framework */,
				FDEA8C9DE1D2D3246245F5A9 /* Pods_kashikaTests.framework */,
				CC22A0DA75881E42271F5892 /* Pods_kashikaUITests.framework */,
			);
			name = Frameworks;
			sourceTree = "<group>";
		};
		5870126C224C5373003888E8 /* Extensions */ = {
			isa = PBXGroup;
			children = (
				905E4880224C403D00BDC321 /* UIViewController+extension.swift */,
			);
			path = Extensions;
			sourceTree = "<group>";
		};
		72569B303FB5BB3E19DC816C /* Pods */ = {
			isa = PBXGroup;
			children = (
				620489F9EAFC497EB3AA4602 /* Pods-kashika.debug.xcconfig */,
				1E3A7394E9A11BA6B520A967 /* Pods-kashika.release.xcconfig */,
				02E44F4CAA7F1C4E43FA5AE9 /* Pods-kashikaTests.debug.xcconfig */,
				3BE67E3740BE4FF3839F1C99 /* Pods-kashikaTests.release.xcconfig */,
				D9ACB78D06B2E025BA02A9E7 /* Pods-kashikaUITests.debug.xcconfig */,
				37E761663240D9C06C1A0D97 /* Pods-kashikaUITests.release.xcconfig */,
			);
			name = Pods;
			sourceTree = "<group>";
		};
		905E487F224C400E00BDC321 /* Commons */ = {
			isa = PBXGroup;
			children = (
				5870126C224C5373003888E8 /* Extensions */,
			);
			path = Commons;
			sourceTree = "<group>";
		};
		909600492249B295002F1DE6 = {
			isa = PBXGroup;
			children = (
				909600542249B295002F1DE6 /* kashika */,
				909600692249B295002F1DE6 /* kashikaTests */,
				909600742249B295002F1DE6 /* kashikaUITests */,
				909600532249B295002F1DE6 /* Products */,
				587012662249F818003888E8 /* Frameworks */,
				72569B303FB5BB3E19DC816C /* Pods */,
			);
			sourceTree = "<group>";
		};
		909600532249B295002F1DE6 /* Products */ = {
			isa = PBXGroup;
			children = (
				909600522249B295002F1DE6 /* kashika.app */,
				909600662249B295002F1DE6 /* kashikaTests.xctest */,
				909600712249B295002F1DE6 /* kashikaUITests.xctest */,
			);
			name = Products;
			sourceTree = "<group>";
		};
		909600542249B295002F1DE6 /* kashika */ = {
			isa = PBXGroup;
			children = (
				909600552249B295002F1DE6 /* AppDelegate.swift */,
				905E4876224B940300BDC321 /* AppRouter.swift */,
				905E487F224C400E00BDC321 /* Commons */,
				909600572249B295002F1DE6 /* ViewController.swift */,
				9096005C2249B295002F1DE6 /* Assets.xcassets */,
				9096005E2249B295002F1DE6 /* LaunchScreen.storyboard */,
				909600612249B295002F1DE6 /* Info.plist */,
				58701270224C5A61003888E8 /* GoogleService-Info.plist */,
			);
			path = kashika;
			sourceTree = "<group>";
		};
		909600692249B295002F1DE6 /* kashikaTests */ = {
			isa = PBXGroup;
			children = (
				9096006A2249B295002F1DE6 /* KashikaTests.swift */,
				9096006C2249B295002F1DE6 /* Info.plist */,
			);
			path = kashikaTests;
			sourceTree = "<group>";
		};
		909600742249B295002F1DE6 /* kashikaUITests */ = {
			isa = PBXGroup;
			children = (
				909600752249B295002F1DE6 /* KashikaUITests.swift */,
				909600772249B295002F1DE6 /* Info.plist */,
			);
			path = kashikaUITests;
			sourceTree = "<group>";
		};
/* End PBXGroup section */

/* Begin PBXNativeTarget section */
		909600512249B295002F1DE6 /* kashika */ = {
			isa = PBXNativeTarget;
			buildConfigurationList = 9096007A2249B295002F1DE6 /* Build configuration list for PBXNativeTarget "kashika" */;
			buildPhases = (
				02E17D0A727756ED8D5042D0 /* [CP] Check Pods Manifest.lock */,
				9096004E2249B295002F1DE6 /* Sources */,
				9096004F2249B295002F1DE6 /* Frameworks */,
				909600502249B295002F1DE6 /* Resources */,
				5870126B2249F8E5003888E8 /* ShellScript */,
				903B7670224A48E9009B9007 /* ShellScript */,
				2638662B9CCAB553E0DABDCB /* [CP] Embed Pods Frameworks */,
			);
			buildRules = (
			);
			dependencies = (
			);
			name = kashika;
			productName = kashika;
			productReference = 909600522249B295002F1DE6 /* kashika.app */;
			productType = "com.apple.product-type.application";
		};
		909600652249B295002F1DE6 /* kashikaTests */ = {
			isa = PBXNativeTarget;
			buildConfigurationList = 9096007D2249B295002F1DE6 /* Build configuration list for PBXNativeTarget "kashikaTests" */;
			buildPhases = (
				0EB9123F7D7B28549E15BBA2 /* [CP] Check Pods Manifest.lock */,
				909600622249B295002F1DE6 /* Sources */,
				909600632249B295002F1DE6 /* Frameworks */,
				909600642249B295002F1DE6 /* Resources */,
			);
			buildRules = (
			);
			dependencies = (
				909600682249B295002F1DE6 /* PBXTargetDependency */,
			);
			name = kashikaTests;
			productName = kashikaTests;
			productReference = 909600662249B295002F1DE6 /* kashikaTests.xctest */;
			productType = "com.apple.product-type.bundle.unit-test";
		};
		909600702249B295002F1DE6 /* kashikaUITests */ = {
			isa = PBXNativeTarget;
			buildConfigurationList = 909600802249B295002F1DE6 /* Build configuration list for PBXNativeTarget "kashikaUITests" */;
			buildPhases = (
				B64822E181BBA0FC241BD04A /* [CP] Check Pods Manifest.lock */,
				9096006D2249B295002F1DE6 /* Sources */,
				9096006E2249B295002F1DE6 /* Frameworks */,
				9096006F2249B295002F1DE6 /* Resources */,
			);
			buildRules = (
			);
			dependencies = (
				909600732249B295002F1DE6 /* PBXTargetDependency */,
			);
			name = kashikaUITests;
			productName = kashikaUITests;
			productReference = 909600712249B295002F1DE6 /* kashikaUITests.xctest */;
			productType = "com.apple.product-type.bundle.ui-testing";
		};
/* End PBXNativeTarget section */

/* Begin PBXProject section */
		9096004A2249B295002F1DE6 /* Project object */ = {
			isa = PBXProject;
			attributes = {
				LastSwiftUpdateCheck = 1010;
				LastUpgradeCheck = 1010;
				ORGANIZATIONNAME = JunnosukeMatsumoto;
				TargetAttributes = {
					909600512249B295002F1DE6 = {
						CreatedOnToolsVersion = 10.1;
					};
					909600652249B295002F1DE6 = {
						CreatedOnToolsVersion = 10.1;
						TestTargetID = 909600512249B295002F1DE6;
					};
					909600702249B295002F1DE6 = {
						CreatedOnToolsVersion = 10.1;
						TestTargetID = 909600512249B295002F1DE6;
					};
				};
			};
			buildConfigurationList = 9096004D2249B295002F1DE6 /* Build configuration list for PBXProject "kashika" */;
			compatibilityVersion = "Xcode 9.3";
			developmentRegion = en;
			hasScannedForEncodings = 0;
			knownRegions = (
				en,
				Base,
			);
			mainGroup = 909600492249B295002F1DE6;
			productRefGroup = 909600532249B295002F1DE6 /* Products */;
			projectDirPath = "";
			projectRoot = "";
			targets = (
				909600512249B295002F1DE6 /* kashika */,
				909600652249B295002F1DE6 /* kashikaTests */,
				909600702249B295002F1DE6 /* kashikaUITests */,
			);
		};
/* End PBXProject section */

/* Begin PBXResourcesBuildPhase section */
		909600502249B295002F1DE6 /* Resources */ = {
			isa = PBXResourcesBuildPhase;
			buildActionMask = 2147483647;
			files = (
				909600602249B295002F1DE6 /* LaunchScreen.storyboard in Resources */,
				9096005D2249B295002F1DE6 /* Assets.xcassets in Resources */,
				58701271224C5A61003888E8 /* GoogleService-Info.plist in Resources */,
			);
			runOnlyForDeploymentPostprocessing = 0;
		};
		909600642249B295002F1DE6 /* Resources */ = {
			isa = PBXResourcesBuildPhase;
			buildActionMask = 2147483647;
			files = (
			);
			runOnlyForDeploymentPostprocessing = 0;
		};
		9096006F2249B295002F1DE6 /* Resources */ = {
			isa = PBXResourcesBuildPhase;
			buildActionMask = 2147483647;
			files = (
			);
			runOnlyForDeploymentPostprocessing = 0;
		};
/* End PBXResourcesBuildPhase section */

/* Begin PBXShellScriptBuildPhase section */
		02E17D0A727756ED8D5042D0 /* [CP] Check Pods Manifest.lock */ = {
			isa = PBXShellScriptBuildPhase;
			buildActionMask = 2147483647;
			files = (
			);
			inputFileListPaths = (
			);
			inputPaths = (
				"${PODS_PODFILE_DIR_PATH}/Podfile.lock",
				"${PODS_ROOT}/Manifest.lock",
			);
			name = "[CP] Check Pods Manifest.lock";
			outputFileListPaths = (
			);
			outputPaths = (
				"$(DERIVED_FILE_DIR)/Pods-kashika-checkManifestLockResult.txt",
			);
			runOnlyForDeploymentPostprocessing = 0;
			shellPath = /bin/sh;
			shellScript = "diff \"${PODS_PODFILE_DIR_PATH}/Podfile.lock\" \"${PODS_ROOT}/Manifest.lock\" > /dev/null\nif [ $? != 0 ] ; then\n    # print error to STDERR\n    echo \"error: The sandbox is not in sync with the Podfile.lock. Run 'pod install' or update your CocoaPods installation.\" >&2\n    exit 1\nfi\n# This output is used by Xcode 'outputs' to avoid re-running this script phase.\necho \"SUCCESS\" > \"${SCRIPT_OUTPUT_FILE_0}\"\n";
			showEnvVarsInLog = 0;
		};
		0EB9123F7D7B28549E15BBA2 /* [CP] Check Pods Manifest.lock */ = {
			isa = PBXShellScriptBuildPhase;
			buildActionMask = 2147483647;
			files = (
			);
			inputFileListPaths = (
			);
			inputPaths = (
				"${PODS_PODFILE_DIR_PATH}/Podfile.lock",
				"${PODS_ROOT}/Manifest.lock",
			);
			name = "[CP] Check Pods Manifest.lock";
			outputFileListPaths = (
			);
			outputPaths = (
				"$(DERIVED_FILE_DIR)/Pods-kashikaTests-checkManifestLockResult.txt",
			);
			runOnlyForDeploymentPostprocessing = 0;
			shellPath = /bin/sh;
			shellScript = "diff \"${PODS_PODFILE_DIR_PATH}/Podfile.lock\" \"${PODS_ROOT}/Manifest.lock\" > /dev/null\nif [ $? != 0 ] ; then\n    # print error to STDERR\n    echo \"error: The sandbox is not in sync with the Podfile.lock. Run 'pod install' or update your CocoaPods installation.\" >&2\n    exit 1\nfi\n# This output is used by Xcode 'outputs' to avoid re-running this script phase.\necho \"SUCCESS\" > \"${SCRIPT_OUTPUT_FILE_0}\"\n";
			showEnvVarsInLog = 0;
		};
		2638662B9CCAB553E0DABDCB /* [CP] Embed Pods Frameworks */ = {
			isa = PBXShellScriptBuildPhase;
			buildActionMask = 2147483647;
			files = (
			);
			inputFileListPaths = (
			);
			inputPaths = (
				"${SRCROOT}/Pods/Target Support Files/Pods-kashika/Pods-kashika-frameworks.sh",
				"${BUILT_PRODUCTS_DIR}/GoogleUtilities/GoogleUtilities.framework",
				"${BUILT_PRODUCTS_DIR}/nanopb/nanopb.framework",
			);
			name = "[CP] Embed Pods Frameworks";
			outputFileListPaths = (
			);
			outputPaths = (
				"${TARGET_BUILD_DIR}/${FRAMEWORKS_FOLDER_PATH}/GoogleUtilities.framework",
				"${TARGET_BUILD_DIR}/${FRAMEWORKS_FOLDER_PATH}/nanopb.framework",
			);
			runOnlyForDeploymentPostprocessing = 0;
			shellPath = /bin/sh;
			shellScript = "\"${SRCROOT}/Pods/Target Support Files/Pods-kashika/Pods-kashika-frameworks.sh\"\n";
			showEnvVarsInLog = 0;
		};
		5870126B2249F8E5003888E8 /* ShellScript */ = {
			isa = PBXShellScriptBuildPhase;
			buildActionMask = 2147483647;
			files = (
			);
			inputFileListPaths = (
			);
			inputPaths = (
				"$(SRCROOT)/Carthage/Build/iOS/RxSwift.framework",
				"$(SRCROOT)/Carthage/Build/iOS/RxCocoa.framework",
			);
			outputFileListPaths = (
			);
			outputPaths = (
			);
			runOnlyForDeploymentPostprocessing = 0;
			shellPath = /bin/sh;
			shellScript = "/usr/local/bin/carthage copy-frameworks\n";
		};
		903B7670224A48E9009B9007 /* ShellScript */ = {
			isa = PBXShellScriptBuildPhase;
			buildActionMask = 2147483647;
			files = (
			);
			inputFileListPaths = (
			);
			inputPaths = (
			);
			outputFileListPaths = (
			);
			outputPaths = (
			);
			runOnlyForDeploymentPostprocessing = 0;
			shellPath = /bin/sh;
			shellScript = "if which swiftlint >/dev/null; then\nswiftlint\nelse\necho \"SwiftLint does not exist, download from https://github.com/realm/SwiftLint\"\nfi\n";
		};
		B64822E181BBA0FC241BD04A /* [CP] Check Pods Manifest.lock */ = {
			isa = PBXShellScriptBuildPhase;
			buildActionMask = 2147483647;
			files = (
			);
			inputFileListPaths = (
			);
			inputPaths = (
				"${PODS_PODFILE_DIR_PATH}/Podfile.lock",
				"${PODS_ROOT}/Manifest.lock",
			);
			name = "[CP] Check Pods Manifest.lock";
			outputFileListPaths = (
			);
			outputPaths = (
				"$(DERIVED_FILE_DIR)/Pods-kashikaUITests-checkManifestLockResult.txt",
			);
			runOnlyForDeploymentPostprocessing = 0;
			shellPath = /bin/sh;
			shellScript = "diff \"${PODS_PODFILE_DIR_PATH}/Podfile.lock\" \"${PODS_ROOT}/Manifest.lock\" > /dev/null\nif [ $? != 0 ] ; then\n    # print error to STDERR\n    echo \"error: The sandbox is not in sync with the Podfile.lock. Run 'pod install' or update your CocoaPods installation.\" >&2\n    exit 1\nfi\n# This output is used by Xcode 'outputs' to avoid re-running this script phase.\necho \"SUCCESS\" > \"${SCRIPT_OUTPUT_FILE_0}\"\n";
			showEnvVarsInLog = 0;
		};
/* End PBXShellScriptBuildPhase section */

/* Begin PBXSourcesBuildPhase section */
		9096004E2249B295002F1DE6 /* Sources */ = {
			isa = PBXSourcesBuildPhase;
			buildActionMask = 2147483647;
			files = (
				905E4881224C403D00BDC321 /* UIViewController+extension.swift in Sources */,
				909600582249B295002F1DE6 /* ViewController.swift in Sources */,
				909600562249B295002F1DE6 /* AppDelegate.swift in Sources */,
				905E4877224B940300BDC321 /* AppRouter.swift in Sources */,
			);
			runOnlyForDeploymentPostprocessing = 0;
		};
		909600622249B295002F1DE6 /* Sources */ = {
			isa = PBXSourcesBuildPhase;
			buildActionMask = 2147483647;
			files = (
				905E4882224C403D00BDC321 /* UIViewController+extension.swift in Sources */,
				9096006B2249B295002F1DE6 /* KashikaTests.swift in Sources */,
			);
			runOnlyForDeploymentPostprocessing = 0;
		};
		9096006D2249B295002F1DE6 /* Sources */ = {
			isa = PBXSourcesBuildPhase;
			buildActionMask = 2147483647;
			files = (
				909600762249B295002F1DE6 /* KashikaUITests.swift in Sources */,
			);
			runOnlyForDeploymentPostprocessing = 0;
		};
/* End PBXSourcesBuildPhase section */

/* Begin PBXTargetDependency section */
		909600682249B295002F1DE6 /* PBXTargetDependency */ = {
			isa = PBXTargetDependency;
			target = 909600512249B295002F1DE6 /* kashika */;
			targetProxy = 909600672249B295002F1DE6 /* PBXContainerItemProxy */;
		};
		909600732249B295002F1DE6 /* PBXTargetDependency */ = {
			isa = PBXTargetDependency;
			target = 909600512249B295002F1DE6 /* kashika */;
			targetProxy = 909600722249B295002F1DE6 /* PBXContainerItemProxy */;
		};
/* End PBXTargetDependency section */

/* Begin PBXVariantGroup section */
		9096005E2249B295002F1DE6 /* LaunchScreen.storyboard */ = {
			isa = PBXVariantGroup;
			children = (
				9096005F2249B295002F1DE6 /* Base */,
			);
			name = LaunchScreen.storyboard;
			sourceTree = "<group>";
		};
/* End PBXVariantGroup section */

/* Begin XCBuildConfiguration section */
		909600782249B295002F1DE6 /* Debug */ = {
			isa = XCBuildConfiguration;
			buildSettings = {
				ALWAYS_SEARCH_USER_PATHS = NO;
				CLANG_ANALYZER_NONNULL = YES;
				CLANG_ANALYZER_NUMBER_OBJECT_CONVERSION = YES_AGGRESSIVE;
				CLANG_CXX_LANGUAGE_STANDARD = "gnu++14";
				CLANG_CXX_LIBRARY = "libc++";
				CLANG_ENABLE_MODULES = YES;
				CLANG_ENABLE_OBJC_ARC = YES;
				CLANG_ENABLE_OBJC_WEAK = YES;
				CLANG_WARN_BLOCK_CAPTURE_AUTORELEASING = YES;
				CLANG_WARN_BOOL_CONVERSION = YES;
				CLANG_WARN_COMMA = YES;
				CLANG_WARN_CONSTANT_CONVERSION = YES;
				CLANG_WARN_DEPRECATED_OBJC_IMPLEMENTATIONS = YES;
				CLANG_WARN_DIRECT_OBJC_ISA_USAGE = YES_ERROR;
				CLANG_WARN_DOCUMENTATION_COMMENTS = YES;
				CLANG_WARN_EMPTY_BODY = YES;
				CLANG_WARN_ENUM_CONVERSION = YES;
				CLANG_WARN_INFINITE_RECURSION = YES;
				CLANG_WARN_INT_CONVERSION = YES;
				CLANG_WARN_NON_LITERAL_NULL_CONVERSION = YES;
				CLANG_WARN_OBJC_IMPLICIT_RETAIN_SELF = YES;
				CLANG_WARN_OBJC_LITERAL_CONVERSION = YES;
				CLANG_WARN_OBJC_ROOT_CLASS = YES_ERROR;
				CLANG_WARN_RANGE_LOOP_ANALYSIS = YES;
				CLANG_WARN_STRICT_PROTOTYPES = YES;
				CLANG_WARN_SUSPICIOUS_MOVE = YES;
				CLANG_WARN_UNGUARDED_AVAILABILITY = YES_AGGRESSIVE;
				CLANG_WARN_UNREACHABLE_CODE = YES;
				CLANG_WARN__DUPLICATE_METHOD_MATCH = YES;
				CODE_SIGN_IDENTITY = "iPhone Developer";
				COPY_PHASE_STRIP = NO;
				DEBUG_INFORMATION_FORMAT = dwarf;
				ENABLE_STRICT_OBJC_MSGSEND = YES;
				ENABLE_TESTABILITY = YES;
				GCC_C_LANGUAGE_STANDARD = gnu11;
				GCC_DYNAMIC_NO_PIC = NO;
				GCC_NO_COMMON_BLOCKS = YES;
				GCC_OPTIMIZATION_LEVEL = 0;
				GCC_PREPROCESSOR_DEFINITIONS = (
					"DEBUG=1",
					"$(inherited)",
				);
				GCC_WARN_64_TO_32_BIT_CONVERSION = YES;
				GCC_WARN_ABOUT_RETURN_TYPE = YES_ERROR;
				GCC_WARN_UNDECLARED_SELECTOR = YES;
				GCC_WARN_UNINITIALIZED_AUTOS = YES_AGGRESSIVE;
				GCC_WARN_UNUSED_FUNCTION = YES;
				GCC_WARN_UNUSED_VARIABLE = YES;
				IPHONEOS_DEPLOYMENT_TARGET = 12.1;
				MTL_ENABLE_DEBUG_INFO = INCLUDE_SOURCE;
				MTL_FAST_MATH = YES;
				ONLY_ACTIVE_ARCH = YES;
				SDKROOT = iphoneos;
				SWIFT_ACTIVE_COMPILATION_CONDITIONS = DEBUG;
				SWIFT_OPTIMIZATION_LEVEL = "-Onone";
			};
			name = Debug;
		};
		909600792249B295002F1DE6 /* Release */ = {
			isa = XCBuildConfiguration;
			buildSettings = {
				ALWAYS_SEARCH_USER_PATHS = NO;
				CLANG_ANALYZER_NONNULL = YES;
				CLANG_ANALYZER_NUMBER_OBJECT_CONVERSION = YES_AGGRESSIVE;
				CLANG_CXX_LANGUAGE_STANDARD = "gnu++14";
				CLANG_CXX_LIBRARY = "libc++";
				CLANG_ENABLE_MODULES = YES;
				CLANG_ENABLE_OBJC_ARC = YES;
				CLANG_ENABLE_OBJC_WEAK = YES;
				CLANG_WARN_BLOCK_CAPTURE_AUTORELEASING = YES;
				CLANG_WARN_BOOL_CONVERSION = YES;
				CLANG_WARN_COMMA = YES;
				CLANG_WARN_CONSTANT_CONVERSION = YES;
				CLANG_WARN_DEPRECATED_OBJC_IMPLEMENTATIONS = YES;
				CLANG_WARN_DIRECT_OBJC_ISA_USAGE = YES_ERROR;
				CLANG_WARN_DOCUMENTATION_COMMENTS = YES;
				CLANG_WARN_EMPTY_BODY = YES;
				CLANG_WARN_ENUM_CONVERSION = YES;
				CLANG_WARN_INFINITE_RECURSION = YES;
				CLANG_WARN_INT_CONVERSION = YES;
				CLANG_WARN_NON_LITERAL_NULL_CONVERSION = YES;
				CLANG_WARN_OBJC_IMPLICIT_RETAIN_SELF = YES;
				CLANG_WARN_OBJC_LITERAL_CONVERSION = YES;
				CLANG_WARN_OBJC_ROOT_CLASS = YES_ERROR;
				CLANG_WARN_RANGE_LOOP_ANALYSIS = YES;
				CLANG_WARN_STRICT_PROTOTYPES = YES;
				CLANG_WARN_SUSPICIOUS_MOVE = YES;
				CLANG_WARN_UNGUARDED_AVAILABILITY = YES_AGGRESSIVE;
				CLANG_WARN_UNREACHABLE_CODE = YES;
				CLANG_WARN__DUPLICATE_METHOD_MATCH = YES;
				CODE_SIGN_IDENTITY = "iPhone Developer";
				COPY_PHASE_STRIP = NO;
				DEBUG_INFORMATION_FORMAT = "dwarf-with-dsym";
				ENABLE_NS_ASSERTIONS = NO;
				ENABLE_STRICT_OBJC_MSGSEND = YES;
				GCC_C_LANGUAGE_STANDARD = gnu11;
				GCC_NO_COMMON_BLOCKS = YES;
				GCC_WARN_64_TO_32_BIT_CONVERSION = YES;
				GCC_WARN_ABOUT_RETURN_TYPE = YES_ERROR;
				GCC_WARN_UNDECLARED_SELECTOR = YES;
				GCC_WARN_UNINITIALIZED_AUTOS = YES_AGGRESSIVE;
				GCC_WARN_UNUSED_FUNCTION = YES;
				GCC_WARN_UNUSED_VARIABLE = YES;
				IPHONEOS_DEPLOYMENT_TARGET = 12.1;
				MTL_ENABLE_DEBUG_INFO = NO;
				MTL_FAST_MATH = YES;
				SDKROOT = iphoneos;
				SWIFT_COMPILATION_MODE = wholemodule;
				SWIFT_OPTIMIZATION_LEVEL = "-O";
				VALIDATE_PRODUCT = YES;
			};
			name = Release;
		};
		9096007B2249B295002F1DE6 /* Debug */ = {
			isa = XCBuildConfiguration;
			baseConfigurationReference = 620489F9EAFC497EB3AA4602 /* Pods-kashika.debug.xcconfig */;
			buildSettings = {
				ASSETCATALOG_COMPILER_APPICON_NAME = AppIcon;
				CODE_SIGN_STYLE = Automatic;
				DEVELOPMENT_TEAM = 79Q7G522V8;
				FRAMEWORK_SEARCH_PATHS = (
					"$(inherited)",
					"$(PROJECT_DIR)/Carthage/Build/iOS",
				);
				INFOPLIST_FILE = kashika/Info.plist;
				LD_RUNPATH_SEARCH_PATHS = (
					"$(inherited)",
					"@executable_path/Frameworks",
				);
				PRODUCT_BUNDLE_IDENTIFIER = JunnosukeMatsumoto.kashika;
				PRODUCT_NAME = "$(TARGET_NAME)";
				SWIFT_VERSION = 4.2;
				TARGETED_DEVICE_FAMILY = "1,2";
			};
			name = Debug;
		};
		9096007C2249B295002F1DE6 /* Release */ = {
			isa = XCBuildConfiguration;
			baseConfigurationReference = 1E3A7394E9A11BA6B520A967 /* Pods-kashika.release.xcconfig */;
			buildSettings = {
				ASSETCATALOG_COMPILER_APPICON_NAME = AppIcon;
				CODE_SIGN_STYLE = Automatic;
				DEVELOPMENT_TEAM = 79Q7G522V8;
				FRAMEWORK_SEARCH_PATHS = (
					"$(inherited)",
					"$(PROJECT_DIR)/Carthage/Build/iOS",
				);
				INFOPLIST_FILE = kashika/Info.plist;
				LD_RUNPATH_SEARCH_PATHS = (
					"$(inherited)",
					"@executable_path/Frameworks",
				);
				PRODUCT_BUNDLE_IDENTIFIER = JunnosukeMatsumoto.kashika;
				PRODUCT_NAME = "$(TARGET_NAME)";
				SWIFT_VERSION = 4.2;
				TARGETED_DEVICE_FAMILY = "1,2";
			};
			name = Release;
		};
		9096007E2249B295002F1DE6 /* Debug */ = {
			isa = XCBuildConfiguration;
			baseConfigurationReference = 02E44F4CAA7F1C4E43FA5AE9 /* Pods-kashikaTests.debug.xcconfig */;
			buildSettings = {
				ALWAYS_EMBED_SWIFT_STANDARD_LIBRARIES = YES;
				BUNDLE_LOADER = "$(TEST_HOST)";
				CODE_SIGN_STYLE = Automatic;
				DEVELOPMENT_TEAM = 79Q7G522V8;
				INFOPLIST_FILE = kashikaTests/Info.plist;
				LD_RUNPATH_SEARCH_PATHS = (
					"$(inherited)",
					"@executable_path/Frameworks",
					"@loader_path/Frameworks",
				);
				PRODUCT_BUNDLE_IDENTIFIER = JunnosukeMatsumoto.kashikaTests;
				PRODUCT_NAME = "$(TARGET_NAME)";
				SWIFT_VERSION = 4.2;
				TARGETED_DEVICE_FAMILY = "1,2";
				TEST_HOST = "$(BUILT_PRODUCTS_DIR)/kashika.app/kashika";
			};
			name = Debug;
		};
		9096007F2249B295002F1DE6 /* Release */ = {
			isa = XCBuildConfiguration;
			baseConfigurationReference = 3BE67E3740BE4FF3839F1C99 /* Pods-kashikaTests.release.xcconfig */;
			buildSettings = {
				ALWAYS_EMBED_SWIFT_STANDARD_LIBRARIES = YES;
				BUNDLE_LOADER = "$(TEST_HOST)";
				CODE_SIGN_STYLE = Automatic;
				DEVELOPMENT_TEAM = 79Q7G522V8;
				INFOPLIST_FILE = kashikaTests/Info.plist;
				LD_RUNPATH_SEARCH_PATHS = (
					"$(inherited)",
					"@executable_path/Frameworks",
					"@loader_path/Frameworks",
				);
				PRODUCT_BUNDLE_IDENTIFIER = JunnosukeMatsumoto.kashikaTests;
				PRODUCT_NAME = "$(TARGET_NAME)";
				SWIFT_VERSION = 4.2;
				TARGETED_DEVICE_FAMILY = "1,2";
				TEST_HOST = "$(BUILT_PRODUCTS_DIR)/kashika.app/kashika";
			};
			name = Release;
		};
		909600812249B295002F1DE6 /* Debug */ = {
			isa = XCBuildConfiguration;
			baseConfigurationReference = D9ACB78D06B2E025BA02A9E7 /* Pods-kashikaUITests.debug.xcconfig */;
			buildSettings = {
				ALWAYS_EMBED_SWIFT_STANDARD_LIBRARIES = YES;
				CODE_SIGN_STYLE = Automatic;
				DEVELOPMENT_TEAM = 79Q7G522V8;
				INFOPLIST_FILE = kashikaUITests/Info.plist;
				LD_RUNPATH_SEARCH_PATHS = (
					"$(inherited)",
					"@executable_path/Frameworks",
					"@loader_path/Frameworks",
				);
				PRODUCT_BUNDLE_IDENTIFIER = JunnosukeMatsumoto.kashikaUITests;
				PRODUCT_NAME = "$(TARGET_NAME)";
				SWIFT_VERSION = 4.2;
				TARGETED_DEVICE_FAMILY = "1,2";
				TEST_TARGET_NAME = kashika;
			};
			name = Debug;
		};
		909600822249B295002F1DE6 /* Release */ = {
			isa = XCBuildConfiguration;
			baseConfigurationReference = 37E761663240D9C06C1A0D97 /* Pods-kashikaUITests.release.xcconfig */;
			buildSettings = {
				ALWAYS_EMBED_SWIFT_STANDARD_LIBRARIES = YES;
				CODE_SIGN_STYLE = Automatic;
				DEVELOPMENT_TEAM = 79Q7G522V8;
				INFOPLIST_FILE = kashikaUITests/Info.plist;
				LD_RUNPATH_SEARCH_PATHS = (
					"$(inherited)",
					"@executable_path/Frameworks",
					"@loader_path/Frameworks",
				);
				PRODUCT_BUNDLE_IDENTIFIER = JunnosukeMatsumoto.kashikaUITests;
				PRODUCT_NAME = "$(TARGET_NAME)";
				SWIFT_VERSION = 4.2;
				TARGETED_DEVICE_FAMILY = "1,2";
				TEST_TARGET_NAME = kashika;
			};
			name = Release;
		};
/* End XCBuildConfiguration section */

/* Begin XCConfigurationList section */
		9096004D2249B295002F1DE6 /* Build configuration list for PBXProject "kashika" */ = {
			isa = XCConfigurationList;
			buildConfigurations = (
				909600782249B295002F1DE6 /* Debug */,
				909600792249B295002F1DE6 /* Release */,
			);
			defaultConfigurationIsVisible = 0;
			defaultConfigurationName = Release;
		};
		9096007A2249B295002F1DE6 /* Build configuration list for PBXNativeTarget "kashika" */ = {
			isa = XCConfigurationList;
			buildConfigurations = (
				9096007B2249B295002F1DE6 /* Debug */,
				9096007C2249B295002F1DE6 /* Release */,
			);
			defaultConfigurationIsVisible = 0;
			defaultConfigurationName = Release;
		};
		9096007D2249B295002F1DE6 /* Build configuration list for PBXNativeTarget "kashikaTests" */ = {
			isa = XCConfigurationList;
			buildConfigurations = (
				9096007E2249B295002F1DE6 /* Debug */,
				9096007F2249B295002F1DE6 /* Release */,
			);
			defaultConfigurationIsVisible = 0;
			defaultConfigurationName = Release;
		};
		909600802249B295002F1DE6 /* Build configuration list for PBXNativeTarget "kashikaUITests" */ = {
			isa = XCConfigurationList;
			buildConfigurations = (
				909600812249B295002F1DE6 /* Debug */,
				909600822249B295002F1DE6 /* Release */,
			);
			defaultConfigurationIsVisible = 0;
			defaultConfigurationName = Release;
		};
/* End XCConfigurationList section */
	};
	rootObject = 9096004A2249B295002F1DE6 /* Project object */;
}
